
Microsoft Visual Studio Solution File, Format Version 12.00
# Visual Studio 15
VisualStudioVersion = 15.0.27004.2006
MinimumVisualStudioVersion = 10.0.40219.1
Project("{FAE04EC0-301F-11D3-BF4B-00C04F79EFBC}") = "GEP.Employee.Web", "GEP.Employee.Web\GEP.Employee.Web.csproj", "{287FA4FD-F01B-4D24-8DA7-A4893340F2E3}"
EndProject
Project("{FAE04EC0-301F-11D3-BF4B-00C04F79EFBC}") = "GEP.Employee.API", "GEP.Employee.API\GEP.Employee.API.csproj", "{BB1838C7-8CDA-4D73-ABB8-55526FB6B895}"
EndProject
Project("{FAE04EC0-301F-11D3-BF4B-00C04F79EFBC}") = "GEP.Employee.Command", "GEP.Employee.Command\GEP.Employee.Command.csproj", "{AD9FB6DB-66C6-4B4C-9650-5DA2F4E58564}"
EndProject
Global
	GlobalSection(SolutionConfigurationPlatforms) = preSolution
		Debug|Any CPU = Debug|Any CPU
		Release|Any CPU = Release|Any CPU
	EndGlobalSection
	GlobalSection(ProjectConfigurationPlatforms) = postSolution
		{287FA4FD-F01B-4D24-8DA7-A4893340F2E3}.Debug|Any CPU.ActiveCfg = Debug|Any CPU
		{287FA4FD-F01B-4D24-8DA7-A4893340F2E3}.Debug|Any CPU.Build.0 = Debug|Any CPU
		{287FA4FD-F01B-4D24-8DA7-A4893340F2E3}.Release|Any CPU.ActiveCfg = Release|Any CPU
		{287FA4FD-F01B-4D24-8DA7-A4893340F2E3}.Release|Any CPU.Build.0 = Release|Any CPU
		{BB1838C7-8CDA-4D73-ABB8-55526FB6B895}.Debug|Any CPU.ActiveCfg = Debug|Any CPU
		{BB1838C7-8CDA-4D73-ABB8-55526FB6B895}.Debug|Any CPU.Build.0 = Debug|Any CPU
		{BB1838C7-8CDA-4D73-ABB8-55526FB6B895}.Release|Any CPU.ActiveCfg = Release|Any CPU
		{BB1838C7-8CDA-4D73-ABB8-55526FB6B895}.Release|Any CPU.Build.0 = Release|Any CPU
		{AD9FB6DB-66C6-4B4C-9650-5DA2F4E58564}.Debug|Any CPU.ActiveCfg = Debug|Any CPU
		{AD9FB6DB-66C6-4B4C-9650-5DA2F4E58564}.Debug|Any CPU.Build.0 = Debug|Any CPU
		{AD9FB6DB-66C6-4B4C-9650-5DA2F4E58564}.Release|Any CPU.ActiveCfg = Release|Any CPU
		{AD9FB6DB-66C6-4B4C-9650-5DA2F4E58564}.Release|Any CPU.Build.0 = Release|Any CPU
	EndGlobalSection
	GlobalSection(SolutionProperties) = preSolution
		HideSolutionNode = FALSE
	EndGlobalSection
	GlobalSection(ExtensibilityGlobals) = postSolution
		SolutionGuid = {B999897A-16A1-4C09-95DE-DB33B18E7900}
	EndGlobalSection
EndGlobal
